
Microsoft Visual Studio Solution File, Format Version 12.00
# Visual Studio Version 17
VisualStudioVersion = 17.9.34622.214
MinimumVisualStudioVersion = 10.0.40219.1
Project("{FAE04EC0-301F-11D3-BF4B-00C04F79EFBC}") = "LogisticsManagement", "LogisticsManagement\LogisticsManagement.csproj", "{575674DA-0501-4242-BB6C-6BA7B1AAABFB}"
EndProject
Project("{FAE04EC0-301F-11D3-BF4B-00C04F79EFBC}") = "LogisticsManagement.DataAccess", "LogisticsManagement.DataAccess\LogisticsManagement.DataAccess.csproj", "{0189DD64-CBA8-451B-AF4D-559F632154F6}"
EndProject
Project("{FAE04EC0-301F-11D3-BF4B-00C04F79EFBC}") = "LogisticsManagement.Services", "LogisticsManagement.Services\LogisticsManagement.Services.csproj", "{18D420D8-8744-4888-A9EE-DD708B58B9FB}"
EndProject
Global
	GlobalSection(SolutionConfigurationPlatforms) = preSolution
		Debug|Any CPU = Debug|Any CPU
		Release|Any CPU = Release|Any CPU
	EndGlobalSection
	GlobalSection(ProjectConfigurationPlatforms) = postSolution
		{575674DA-0501-4242-BB6C-6BA7B1AAABFB}.Debug|Any CPU.ActiveCfg = Debug|Any CPU
		{575674DA-0501-4242-BB6C-6BA7B1AAABFB}.Debug|Any CPU.Build.0 = Debug|Any CPU
		{575674DA-0501-4242-BB6C-6BA7B1AAABFB}.Release|Any CPU.ActiveCfg = Release|Any CPU
		{575674DA-0501-4242-BB6C-6BA7B1AAABFB}.Release|Any CPU.Build.0 = Release|Any CPU
		{0189DD64-CBA8-451B-AF4D-559F632154F6}.Debug|Any CPU.ActiveCfg = Debug|Any CPU
		{0189DD64-CBA8-451B-AF4D-559F632154F6}.Debug|Any CPU.Build.0 = Debug|Any CPU
		{0189DD64-CBA8-451B-AF4D-559F632154F6}.Release|Any CPU.ActiveCfg = Release|Any CPU
		{0189DD64-CBA8-451B-AF4D-559F632154F6}.Release|Any CPU.Build.0 = Release|Any CPU
		{18D420D8-8744-4888-A9EE-DD708B58B9FB}.Debug|Any CPU.ActiveCfg = Debug|Any CPU
		{18D420D8-8744-4888-A9EE-DD708B58B9FB}.Debug|Any CPU.Build.0 = Debug|Any CPU
		{18D420D8-8744-4888-A9EE-DD708B58B9FB}.Release|Any CPU.ActiveCfg = Release|Any CPU
		{18D420D8-8744-4888-A9EE-DD708B58B9FB}.Release|Any CPU.Build.0 = Release|Any CPU
	EndGlobalSection
	GlobalSection(SolutionProperties) = preSolution
		HideSolutionNode = FALSE
	EndGlobalSection
	GlobalSection(ExtensibilityGlobals) = postSolution
		SolutionGuid = {25535D65-DF41-47EB-A61F-7E2DA3891ECD}
	EndGlobalSection
EndGlobal
